
Microsoft Visual Studio Solution File, Format Version 12.00
# Visual Studio 2012
Project("{FAE04EC0-301F-11D3-BF4B-00C04F79EFBC}") = "MyApplication", "MyApplication\MyApplication.csproj", "{234390BD-8D68-44FD-93F5-7FDD3D34B8FA}"
EndProject
Project("{FAE04EC0-301F-11D3-BF4B-00C04F79EFBC}") = "MyApplication.Tests", "MyApplication.Tests\MyApplication.Tests.csproj", "{70169C33-2195-4659-ADF8-D042FBB0BBCA}"
EndProject
Global
	GlobalSection(SolutionConfigurationPlatforms) = preSolution
		Debug|Any CPU = Debug|Any CPU
		Release|Any CPU = Release|Any CPU
	EndGlobalSection
	GlobalSection(ProjectConfigurationPlatforms) = postSolution
		{234390BD-8D68-44FD-93F5-7FDD3D34B8FA}.Debug|Any CPU.ActiveCfg = Debug|Any CPU
		{234390BD-8D68-44FD-93F5-7FDD3D34B8FA}.Debug|Any CPU.Build.0 = Debug|Any CPU
		{234390BD-8D68-44FD-93F5-7FDD3D34B8FA}.Release|Any CPU.ActiveCfg = Release|Any CPU
		{234390BD-8D68-44FD-93F5-7FDD3D34B8FA}.Release|Any CPU.Build.0 = Release|Any CPU
		{70169C33-2195-4659-ADF8-D042FBB0BBCA}.Debug|Any CPU.ActiveCfg = Debug|Any CPU
		{70169C33-2195-4659-ADF8-D042FBB0BBCA}.Debug|Any CPU.Build.0 = Debug|Any CPU
		{70169C33-2195-4659-ADF8-D042FBB0BBCA}.Release|Any CPU.ActiveCfg = Release|Any CPU
		{70169C33-2195-4659-ADF8-D042FBB0BBCA}.Release|Any CPU.Build.0 = Release|Any CPU
	EndGlobalSection
	GlobalSection(SolutionProperties) = preSolution
		HideSolutionNode = FALSE
	EndGlobalSection
EndGlobal
